
Microsoft Visual Studio Solution File, Format Version 12.00
# Visual Studio Version 16
VisualStudioVersion = 16.0.30204.135
MinimumVisualStudioVersion = 10.0.40219.1
Project("{FAE04EC0-301F-11D3-BF4B-00C04F79EFBC}") = "robot-simulator", "robot-simulator\robot-simulator.csproj", "{391146E4-1B63-4F5D-9732-F121941BF5BC}"
EndProject
Project("{FAE04EC0-301F-11D3-BF4B-00C04F79EFBC}") = "OptimizationLogic", "OptimizationLogic\OptimizationLogic.csproj", "{D30B5128-F5F7-4621-9C91-57DEE4300666}"
EndProject
Project("{FAE04EC0-301F-11D3-BF4B-00C04F79EFBC}") = "OptimizationUnitTests", "OptimizationUnitTests\OptimizationUnitTests.csproj", "{72F38B97-F2ED-4091-9CFF-6A6C92D53502}"
EndProject
Project("{9A19103F-16F7-4668-BE54-9A1E7A4F7556}") = "ConsoleApp", "ConsoleApp\ConsoleApp.csproj", "{DD80283E-15A7-40A5-A711-3872E05B3D5F}"
EndProject
Project("{FAE04EC0-301F-11D3-BF4B-00C04F79EFBC}") = "OptimizersSimulationsSummary", "OptimizersSimulationSummary\OptimizersSimulationsSummary.csproj", "{E931744B-5CD5-45BE-A2E6-25B6D0E74707}"
	ProjectSection(ProjectDependencies) = postProject
		{D30B5128-F5F7-4621-9C91-57DEE4300666} = {D30B5128-F5F7-4621-9C91-57DEE4300666}
	EndProjectSection
EndProject
Project("{FAE04EC0-301F-11D3-BF4B-00C04F79EFBC}") = "ScenarioGenerator", "ScenarioGenerator\ScenarioGenerator.csproj", "{0B750351-53ED-433D-9984-8B7E2A35059C}"
EndProject
Global
	GlobalSection(SolutionConfigurationPlatforms) = preSolution
		Debug|Any CPU = Debug|Any CPU
		Release|Any CPU = Release|Any CPU
	EndGlobalSection
	GlobalSection(ProjectConfigurationPlatforms) = postSolution
		{391146E4-1B63-4F5D-9732-F121941BF5BC}.Debug|Any CPU.ActiveCfg = Debug|Any CPU
		{391146E4-1B63-4F5D-9732-F121941BF5BC}.Debug|Any CPU.Build.0 = Debug|Any CPU
		{391146E4-1B63-4F5D-9732-F121941BF5BC}.Release|Any CPU.ActiveCfg = Release|Any CPU
		{391146E4-1B63-4F5D-9732-F121941BF5BC}.Release|Any CPU.Build.0 = Release|Any CPU
		{D30B5128-F5F7-4621-9C91-57DEE4300666}.Debug|Any CPU.ActiveCfg = Debug|Any CPU
		{D30B5128-F5F7-4621-9C91-57DEE4300666}.Debug|Any CPU.Build.0 = Debug|Any CPU
		{D30B5128-F5F7-4621-9C91-57DEE4300666}.Release|Any CPU.ActiveCfg = Release|Any CPU
		{D30B5128-F5F7-4621-9C91-57DEE4300666}.Release|Any CPU.Build.0 = Release|Any CPU
		{72F38B97-F2ED-4091-9CFF-6A6C92D53502}.Debug|Any CPU.ActiveCfg = Debug|Any CPU
		{72F38B97-F2ED-4091-9CFF-6A6C92D53502}.Debug|Any CPU.Build.0 = Debug|Any CPU
		{72F38B97-F2ED-4091-9CFF-6A6C92D53502}.Release|Any CPU.ActiveCfg = Release|Any CPU
		{72F38B97-F2ED-4091-9CFF-6A6C92D53502}.Release|Any CPU.Build.0 = Release|Any CPU
		{DD80283E-15A7-40A5-A711-3872E05B3D5F}.Debug|Any CPU.ActiveCfg = Debug|Any CPU
		{DD80283E-15A7-40A5-A711-3872E05B3D5F}.Debug|Any CPU.Build.0 = Debug|Any CPU
		{DD80283E-15A7-40A5-A711-3872E05B3D5F}.Release|Any CPU.ActiveCfg = Release|Any CPU
		{DD80283E-15A7-40A5-A711-3872E05B3D5F}.Release|Any CPU.Build.0 = Release|Any CPU
		{E931744B-5CD5-45BE-A2E6-25B6D0E74707}.Debug|Any CPU.ActiveCfg = Debug|Any CPU
		{E931744B-5CD5-45BE-A2E6-25B6D0E74707}.Debug|Any CPU.Build.0 = Debug|Any CPU
		{E931744B-5CD5-45BE-A2E6-25B6D0E74707}.Release|Any CPU.ActiveCfg = Release|Any CPU
		{E931744B-5CD5-45BE-A2E6-25B6D0E74707}.Release|Any CPU.Build.0 = Release|Any CPU
		{0B750351-53ED-433D-9984-8B7E2A35059C}.Debug|Any CPU.ActiveCfg = Debug|Any CPU
		{0B750351-53ED-433D-9984-8B7E2A35059C}.Debug|Any CPU.Build.0 = Debug|Any CPU
		{0B750351-53ED-433D-9984-8B7E2A35059C}.Release|Any CPU.ActiveCfg = Release|Any CPU
		{0B750351-53ED-433D-9984-8B7E2A35059C}.Release|Any CPU.Build.0 = Release|Any CPU
	EndGlobalSection
	GlobalSection(SolutionProperties) = preSolution
		HideSolutionNode = FALSE
	EndGlobalSection
	GlobalSection(ExtensibilityGlobals) = postSolution
		SolutionGuid = {59A8DA6D-2F26-4510-9464-DD0384A51190}
	EndGlobalSection
EndGlobal
